
Microsoft Visual Studio Solution File, Format Version 12.00
# Visual Studio Version 17
VisualStudioVersion = 17.11.35219.272
MinimumVisualStudioVersion = 10.0.40219.1
Project("{FAE04EC0-301F-11D3-BF4B-00C04F79EFBC}") = "WpfProject", "WpfProject\WpfProject.csproj", "{F20C92CE-3A74-424C-A3F5-BB6AE4EC80A8}"
EndProject
Global
	GlobalSection(SolutionConfigurationPlatforms) = preSolution
		Debug|Any CPU = Debug|Any CPU
		Release|Any CPU = Release|Any CPU
	EndGlobalSection
	GlobalSection(ProjectConfigurationPlatforms) = postSolution
		{F20C92CE-3A74-424C-A3F5-BB6AE4EC80A8}.Debug|Any CPU.ActiveCfg = Debug|Any CPU
		{F20C92CE-3A74-424C-A3F5-BB6AE4EC80A8}.Debug|Any CPU.Build.0 = Debug|Any CPU
		{F20C92CE-3A74-424C-A3F5-BB6AE4EC80A8}.Release|Any CPU.ActiveCfg = Release|Any CPU
		{F20C92CE-3A74-424C-A3F5-BB6AE4EC80A8}.Release|Any CPU.Build.0 = Release|Any CPU
	EndGlobalSection
	GlobalSection(SolutionProperties) = preSolution
		HideSolutionNode = FALSE
	EndGlobalSection
	GlobalSection(ExtensibilityGlobals) = postSolution
		SolutionGuid = {5061E3F3-963F-4BFE-A8FA-C0FA93FA9225}
	EndGlobalSection
EndGlobal
